
Microsoft Visual Studio Solution File, Format Version 12.00
# Visual Studio 15
Project("{FAE04EC0-301F-11D3-BF4B-00C04F79EFBC}") = "Blackjack_App", "Blackjack_App\Blackjack_App.csproj", "{ACE1C72B-0BAC-44B6-B307-7AA956B4B9FB}"
EndProject
Project("{FAE04EC0-301F-11D3-BF4B-00C04F79EFBC}") = "Blackjack_Tests", "Blackjack_Tests\Blackjack_Tests.csproj", "{D62705EA-0B1D-4C4E-83E2-20987BADB068}"
EndProject
Global
	GlobalSection(SolutionConfigurationPlatforms) = preSolution
		Debug|Any CPU = Debug|Any CPU
		Release|Any CPU = Release|Any CPU
	EndGlobalSection
	GlobalSection(ProjectConfigurationPlatforms) = postSolution
		{ACE1C72B-0BAC-44B6-B307-7AA956B4B9FB}.Debug|Any CPU.ActiveCfg = Debug|Any CPU
		{ACE1C72B-0BAC-44B6-B307-7AA956B4B9FB}.Debug|Any CPU.Build.0 = Debug|Any CPU
		{ACE1C72B-0BAC-44B6-B307-7AA956B4B9FB}.Release|Any CPU.ActiveCfg = Release|Any CPU
		{ACE1C72B-0BAC-44B6-B307-7AA956B4B9FB}.Release|Any CPU.Build.0 = Release|Any CPU
		{D62705EA-0B1D-4C4E-83E2-20987BADB068}.Debug|Any CPU.ActiveCfg = Debug|Any CPU
		{D62705EA-0B1D-4C4E-83E2-20987BADB068}.Debug|Any CPU.Build.0 = Debug|Any CPU
		{D62705EA-0B1D-4C4E-83E2-20987BADB068}.Release|Any CPU.ActiveCfg = Release|Any CPU
		{D62705EA-0B1D-4C4E-83E2-20987BADB068}.Release|Any CPU.Build.0 = Release|Any CPU
	EndGlobalSection
EndGlobal
